PODS:
  - Alamofire (4.8.2)
  - Kingfisher (5.3.1)
  - MJCocoaCore/Common (2.3.10):
    - MJCocoaCore/Future
  - MJCocoaCore/Future (2.3.10)
  - MJObjection (1.6.4)
  - MJSwiftCore (0.9.1):
    - MJSwiftCore/Common (= 0.9.1)
    - MJSwiftCore/Repository (= 0.9.1)
    - MJSwiftCore/Security (= 0.9.1)
  - MJSwiftCore/Alamofire (0.9.1):
    - Alamofire (~> 4.8.2)
    - MJSwiftCore/Future
  - MJSwiftCore/Common (0.9.1):
    - MJSwiftCore/Future
  - MJSwiftCore/Future (0.9.1)
  - MJSwiftCore/iOS (0.9.1):
    - MJSwiftCore/Common
  - MJSwiftCore/MJCocoaCore (0.9.1):
    - MJCocoaCore/Common (~> 2.3)
    - MJSwiftCore/Common
  - MJSwiftCore/Objection (0.9.1):
    - MJObjection
  - MJSwiftCore/Realm (0.9.1):
    - MJSwiftCore/Repository
    - MJSwiftCore/Security
    - RealmSwift (~> 3.14)
  - MJSwiftCore/Repository (0.9.1):
    - MJSwiftCore/Common
    - MJSwiftCore/Future
  - MJSwiftCore/Security (0.9.1):
    - MJSwiftCore/Repository
  - MJSwiftCore/Vastra (0.9.1)
  - PromisesObjC (1.2.7)
  - PromisesSwift (1.2.7):
    - PromisesObjC (= 1.2.7)
  - Realm (3.14.0):
    - Realm/Headers (= 3.14.0)
  - Realm/Headers (3.14.0)
  - RealmSwift (3.14.0):
    - Realm (= 3.14.0)
  - Swinject (2.6.0)

DEPENDENCIES:
  - Kingfisher (~> 5.3)
  - MJSwiftCore (from `../`)
  - MJSwiftCore/Alamofire (from `../`)
  - MJSwiftCore/iOS (from `../`)
  - MJSwiftCore/MJCocoaCore (from `../`)
  - MJSwiftCore/Objection (from `../`)
  - MJSwiftCore/Realm (from `../`)
  - MJSwiftCore/Security (from `../`)
  - MJSwiftCore/Vastra (from `../`)
  - PromisesSwift (~> 1.2)
  - Swinject (~> 2.6)

SPEC REPOS:
  https://github.com/cocoapods/specs.git:
    - Alamofire
    - Kingfisher
    - MJCocoaCore
    - MJObjection
    - PromisesObjC
    - PromisesSwift
    - Realm
    - RealmSwift
    - Swinject

EXTERNAL SOURCES:
  MJSwiftCore:
    :path: "../"

SPEC CHECKSUMS:
  Alamofire: ae5c501addb7afdbb13687d7f2f722c78734c2d3
  Kingfisher: d9e7e0b209b59b8f9873aa2f37654e81a7beea51
  MJCocoaCore: d96352e079294ddb9d2c6f6831b30bc7acf7ca42
  MJObjection: 5af5d140e6785596c58c61f0a8a2a8f42fa25687
  MJSwiftCore: b390ebfb51adc86aab946da8bab5336958bddd61
  PromisesObjC: 7b28ddd1e78cce8f80f1ada927d2217663a9c672
  PromisesSwift: b27f410f9ea693753cfd4cfd8ac1c60a471f137b
  Realm: 221b25919bb5a010a3c597d707f8df3492dcd93a
  RealmSwift: 28f22dfa6a27b9a778cfb09471558b6afcf1022c
  Swinject: 48a96cda93633cf2860697b4ce76ab5db9ebaca2

PODFILE CHECKSUM: 5c617e063cbe9ba4399893e1434a628d8be6e7c1

COCOAPODS: 1.6.0.beta.2
