PODS:
  - Alamofire (4.7.2)
  - Kingfisher (4.7.0)
  - MJCocoaCore/Common (2.3.8):
    - MJCocoaCore/Future
  - MJCocoaCore/Future (2.3.8)
  - MJObjection (1.6.4)
  - MJSwiftCore (0.7.1):
    - MJSwiftCore/Common (= 0.7.1)
    - MJSwiftCore/Security (= 0.7.1)
  - MJSwiftCore/Alamofire (0.7.1):
    - Alamofire (~> 4.7.2)
    - MJSwiftCore/Common
  - MJSwiftCore/Common (0.7.1):
    - MJSwiftCore/Future
  - MJSwiftCore/Future (0.7.1)
  - MJSwiftCore/iOS (0.7.1):
    - MJSwiftCore/Common
  - MJSwiftCore/MJCocoaCore (0.7.1):
    - MJCocoaCore/Common (~> 2.3.8)
    - MJSwiftCore/Common
  - MJSwiftCore/Objection (0.7.1):
    - MJObjection
  - MJSwiftCore/Realm (0.7.1):
    - MJSwiftCore/Common
    - MJSwiftCore/Security
    - RealmSwift (~> 3.3.2)
  - MJSwiftCore/Security (0.7.1):
    - MJSwiftCore/Common
  - MJSwiftCore/Vastra (0.7.1)
  - PromisesObjC (1.0.2)
  - PromisesSwift (1.0.2):
    - PromisesObjC (= 1.0.2)
  - Realm (3.3.2):
    - Realm/Headers (= 3.3.2)
  - Realm/Headers (3.3.2)
  - RealmSwift (3.3.2):
    - Realm (= 3.3.2)
  - Swinject (2.4.0)

DEPENDENCIES:
  - Kingfisher (~> 4.7.0)
  - MJSwiftCore (from `../`)
  - MJSwiftCore/Alamofire (from `../`)
  - MJSwiftCore/iOS (from `../`)
  - MJSwiftCore/MJCocoaCore (from `../`)
  - MJSwiftCore/Objection (from `../`)
  - MJSwiftCore/Realm (from `../`)
  - MJSwiftCore/Vastra (from `../`)
  - PromisesSwift (~> 1.0)
  - Swinject (~> 2.4.0)

SPEC REPOS:
  https://github.com/cocoapods/specs.git:
    - Alamofire
    - Kingfisher
    - MJCocoaCore
    - MJObjection
    - PromisesObjC
    - PromisesSwift
    - Realm
    - RealmSwift
    - Swinject

EXTERNAL SOURCES:
  MJSwiftCore:
    :path: "../"

SPEC CHECKSUMS:
  Alamofire: e4fa87002c137ba2d8d634d2c51fabcda0d5c223
  Kingfisher: da6b005aa96d37698e3e4f1ccfe96a5b9bbf27d6
  MJCocoaCore: 48b554ce49ec5845b5f7307c40db98e7f09ad3d3
  MJObjection: 5af5d140e6785596c58c61f0a8a2a8f42fa25687
  MJSwiftCore: 9b36a44f2eb7bab4879d850346097c3d1f39ff38
  PromisesObjC: 5cb99f8b988db9461cd3025cab5cc17752873a5c
  PromisesSwift: a972cb5ca9780fb7f805e9c2d69e7efd417a0523
  Realm: d927fbf66df5532cfafc08afb5f7e53ded37b894
  RealmSwift: 4e903a494e05d866581d69ad6f7e7b879d446baf
  Swinject: a1364b0f66c2736bb03c1c7cab54809e16df25da

PODFILE CHECKSUM: 94042f680d0cc5e428b70bdfff5721b38e62b0c5

COCOAPODS: 1.5.3
