// !$*UTF8*$!
{
	archiveVersion = 1;
	classes = {
	};
	objectVersion = 46;
	objects = {

/* Begin PBXBuildFile section */
		607FACD61AFB9204008FA782 /* AppDelegate.swift in Sources */ = {isa = PBXBuildFile; fileRef = 607FACD51AFB9204008FA782 /* AppDelegate.swift */; };
		607FACDB1AFB9204008FA782 /* Main.storyboard in Resources */ = {isa = PBXBuildFile; fileRef = 607FACD91AFB9204008FA782 /* Main.storyboard */; };
		607FACDD1AFB9204008FA782 /* Images.xcassets in Resources */ = {isa = PBXBuildFile; fileRef = 607FACDC1AFB9204008FA782 /* Images.xcassets */; };
		607FACE01AFB9204008FA782 /* LaunchScreen.xib in Resources */ = {isa = PBXBuildFile; fileRef = 607FACDE1AFB9204008FA782 /* LaunchScreen.xib */; };
		908E57AEC31BBAA33302AB7A /* Pods_MJSwiftCore_Example.framework in Frameworks */ = {isa = PBXBuildFile; fileRef = 17AC1F8F79E51FD186EF4072 /* Pods_MJSwiftCore_Example.framework */; };
		A8F77EB7C3F7E5E91E696B10 /* Pods_MJSwiftCore_Tests.framework in Frameworks */ = {isa = PBXBuildFile; fileRef = 3F03CBB74782317E8EB8707C /* Pods_MJSwiftCore_Tests.framework */; };
		D219D6ED1FCC2E2D00D91CED /* AppAssembler.swift in Sources */ = {isa = PBXBuildFile; fileRef = D219D6D01FCC2E2D00D91CED /* AppAssembler.swift */; };
		D219D6EE1FCC2E2D00D91CED /* RealmAssembly.swift in Sources */ = {isa = PBXBuildFile; fileRef = D219D6D11FCC2E2D00D91CED /* RealmAssembly.swift */; };
		D219D6F11FCC2E2D00D91CED /* NetworkAssembly.swift in Sources */ = {isa = PBXBuildFile; fileRef = D219D6D41FCC2E2D00D91CED /* NetworkAssembly.swift */; };
		D219D6F21FCC2E2D00D91CED /* UnauthorizedStatusCodeRetrier.swift in Sources */ = {isa = PBXBuildFile; fileRef = D219D6D61FCC2E2D00D91CED /* UnauthorizedStatusCodeRetrier.swift */; };
		D219D6F31FCC2E2D00D91CED /* OAuth2RetryHandler.swift in Sources */ = {isa = PBXBuildFile; fileRef = D219D6D71FCC2E2D00D91CED /* OAuth2RetryHandler.swift */; };
		D219D6F41FCC2E2D00D91CED /* ItemNetworkDataSource.swift in Sources */ = {isa = PBXBuildFile; fileRef = D219D6DA1FCC2E2D00D91CED /* ItemNetworkDataSource.swift */; };
		D219D6F51FCC2E2D00D91CED /* ItemQuery.swift in Sources */ = {isa = PBXBuildFile; fileRef = D219D6DC1FCC2E2D00D91CED /* ItemQuery.swift */; };
		D219D6F61FCC2E2D00D91CED /* RealmItem.swift in Sources */ = {isa = PBXBuildFile; fileRef = D219D6E01FCC2E2D00D91CED /* RealmItem.swift */; };
		D219D6F71FCC2E2D00D91CED /* RealmItemMapper.swift in Sources */ = {isa = PBXBuildFile; fileRef = D219D6E11FCC2E2D00D91CED /* RealmItemMapper.swift */; };
		D219D6F81FCC2E2D00D91CED /* ItemQueryExtensions.swift in Sources */ = {isa = PBXBuildFile; fileRef = D219D6E21FCC2E2D00D91CED /* ItemQueryExtensions.swift */; };
		D219D6F91FCC2E2D00D91CED /* ItemMapper.swift in Sources */ = {isa = PBXBuildFile; fileRef = D219D6E41FCC2E2D00D91CED /* ItemMapper.swift */; };
		D219D6FA1FCC2E2D00D91CED /* ItemEntity.swift in Sources */ = {isa = PBXBuildFile; fileRef = D219D6E61FCC2E2D00D91CED /* ItemEntity.swift */; };
		D219D6FB1FCC2E2D00D91CED /* Item.swift in Sources */ = {isa = PBXBuildFile; fileRef = D219D6E81FCC2E2D00D91CED /* Item.swift */; };
		D219D6FC1FCC2E2D00D91CED /* Product.swift in Sources */ = {isa = PBXBuildFile; fileRef = D219D6E91FCC2E2D00D91CED /* Product.swift */; };
		D219D70F1FCC2E4300D91CED /* SplashViewController.swift in Sources */ = {isa = PBXBuildFile; fileRef = D219D7011FCC2E4300D91CED /* SplashViewController.swift */; };
		D219D7101FCC2E4300D91CED /* SplashViewController.xib in Resources */ = {isa = PBXBuildFile; fileRef = D219D7021FCC2E4300D91CED /* SplashViewController.xib */; };
		D219D7111FCC2E4300D91CED /* ItemCell.swift in Sources */ = {isa = PBXBuildFile; fileRef = D219D7051FCC2E4300D91CED /* ItemCell.swift */; };
		D219D7121FCC2E4300D91CED /* UIKitMVPItemListView.swift in Sources */ = {isa = PBXBuildFile; fileRef = D219D7071FCC2E4300D91CED /* UIKitMVPItemListView.swift */; };
		D219D7131FCC2E4300D91CED /* UIKitMVPItemListViewController.swift in Sources */ = {isa = PBXBuildFile; fileRef = D219D7081FCC2E4300D91CED /* UIKitMVPItemListViewController.swift */; };
		D219D7141FCC2E4300D91CED /* UIKitMVPItemListPresenter.swift in Sources */ = {isa = PBXBuildFile; fileRef = D219D7091FCC2E4300D91CED /* UIKitMVPItemListPresenter.swift */; };
		D219D7151FCC2E4300D91CED /* UIKitMVPItemDetailViewController.swift in Sources */ = {isa = PBXBuildFile; fileRef = D219D70C1FCC2E4300D91CED /* UIKitMVPItemDetailViewController.swift */; };
		D219D7161FCC2E4300D91CED /* UIKitMVPItemDetailView.swift in Sources */ = {isa = PBXBuildFile; fileRef = D219D70D1FCC2E4300D91CED /* UIKitMVPItemDetailView.swift */; };
		D219D7171FCC2E4300D91CED /* UIKitMVPItemDetailPresenter.swift in Sources */ = {isa = PBXBuildFile; fileRef = D219D70E1FCC2E4300D91CED /* UIKitMVPItemDetailPresenter.swift */; };
		D22A0BA62035CD580026068F /* TestHelper.swift in Sources */ = {isa = PBXBuildFile; fileRef = D22A0BA52035CD580026068F /* TestHelper.swift */; };
		D22C0B1D21AEC80800F82D63 /* FirestoreDataSource.swift in Sources */ = {isa = PBXBuildFile; fileRef = D22C0B1C21AEC80800F82D63 /* FirestoreDataSource.swift */; };
		D22C0B1F21AEE7F200F82D63 /* Firestore+Future.swift in Sources */ = {isa = PBXBuildFile; fileRef = D22C0B1E21AEE7F200F82D63 /* Firestore+Future.swift */; };
		D2B7A6BD2105C31C0022B46C /* ItemAssembly.swift in Sources */ = {isa = PBXBuildFile; fileRef = D2B7A6BC2105C31C0022B46C /* ItemAssembly.swift */; };
		D2C4AD5721B134AB0024D6BD /* ObserveDataSource.swift in Sources */ = {isa = PBXBuildFile; fileRef = D2C4AD5621B134AB0024D6BD /* ObserveDataSource.swift */; };
		D2D9FB5B203DE7E20069AE74 /* Future+InitTests.swift in Sources */ = {isa = PBXBuildFile; fileRef = D2D9FB5A203DE7E20069AE74 /* Future+InitTests.swift */; };
		D2D9FB5D203DEC8A0069AE74 /* Future+SetTests.swift in Sources */ = {isa = PBXBuildFile; fileRef = D2D9FB5C203DEC8A0069AE74 /* Future+SetTests.swift */; };
		D2D9FB63203DEC990069AE74 /* MJFuturePerformanceTests.swift in Sources */ = {isa = PBXBuildFile; fileRef = D2D9FB5F203DEC990069AE74 /* MJFuturePerformanceTests.swift */; };
		D2D9FB64203DEC990069AE74 /* GCDPerformanceTests.swift in Sources */ = {isa = PBXBuildFile; fileRef = D2D9FB60203DEC990069AE74 /* GCDPerformanceTests.swift */; };
		D2D9FB65203DEC990069AE74 /* PromisesPerformanceTest.swift in Sources */ = {isa = PBXBuildFile; fileRef = D2D9FB61203DEC990069AE74 /* PromisesPerformanceTest.swift */; };
		D2D9FB66203DEC990069AE74 /* FuturePerformanceTests.swift in Sources */ = {isa = PBXBuildFile; fileRef = D2D9FB62203DEC990069AE74 /* FuturePerformanceTests.swift */; };
		D2D9FB68203DEE9A0069AE74 /* Future+DeallocTests.swift in Sources */ = {isa = PBXBuildFile; fileRef = D2D9FB67203DEE9A0069AE74 /* Future+DeallocTests.swift */; };
		D2D9FB6A203DF2A30069AE74 /* Future+ThenTests.swift in Sources */ = {isa = PBXBuildFile; fileRef = D2D9FB69203DF2A30069AE74 /* Future+ThenTests.swift */; };
/* End PBXBuildFile section */

/* Begin PBXContainerItemProxy section */
		607FACE61AFB9204008FA782 /* PBXContainerItemProxy */ = {
			isa = PBXContainerItemProxy;
			containerPortal = 607FACC81AFB9204008FA782 /* Project object */;
			proxyType = 1;
			remoteGlobalIDString = 607FACCF1AFB9204008FA782;
			remoteInfo = MJSwiftCore;
		};
/* End PBXContainerItemProxy section */

/* Begin PBXFileReference section */
		17AC1F8F79E51FD186EF4072 /* Pods_MJSwiftCore_Example.framework */ = {isa = PBXFileReference; explicitFileType = wrapper.framework; includeInIndex = 0; path = Pods_MJSwiftCore_Example.framework; sourceTree = BUILT_PRODUCTS_DIR; };
		1867765D8101E13AA1A34DF9 /* README.md */ = {isa = PBXFileReference; includeInIndex = 1; lastKnownFileType = net.daringfireball.markdown; name = README.md; path = ../README.md; sourceTree = "<group>"; };
		291B699DD5DD1B0C680CA3CD /* LICENSE */ = {isa = PBXFileReference; includeInIndex = 1; lastKnownFileType = text; name = LICENSE; path = ../LICENSE; sourceTree = "<group>"; };
		3A5FEDE5F0CC7A05EBDAA4AF /* Pods-MJSwiftCore_Example.release.xcconfig */ = {isa = PBXFileReference; includeInIndex = 1; lastKnownFileType = text.xcconfig; name = "Pods-MJSwiftCore_Example.release.xcconfig"; path = "Pods/Target Support Files/Pods-MJSwiftCore_Example/Pods-MJSwiftCore_Example.release.xcconfig"; sourceTree = "<group>"; };
		3F03CBB74782317E8EB8707C /* Pods_MJSwiftCore_Tests.framework */ = {isa = PBXFileReference; explicitFileType = wrapper.framework; includeInIndex = 0; path = Pods_MJSwiftCore_Tests.framework; sourceTree = BUILT_PRODUCTS_DIR; };
		4C6D9C216BA53352DDE58135 /* Pods-MJSwiftCore_Example.debug.xcconfig */ = {isa = PBXFileReference; includeInIndex = 1; lastKnownFileType = text.xcconfig; name = "Pods-MJSwiftCore_Example.debug.xcconfig"; path = "Pods/Target Support Files/Pods-MJSwiftCore_Example/Pods-MJSwiftCore_Example.debug.xcconfig"; sourceTree = "<group>"; };
		607FACD01AFB9204008FA782 /* MJSwiftCore_Example.app */ = {isa = PBXFileReference; explicitFileType = wrapper.application; includeInIndex = 0; path = MJSwiftCore_Example.app; sourceTree = BUILT_PRODUCTS_DIR; };
		607FACD41AFB9204008FA782 /* Info.plist */ = {isa = PBXFileReference; lastKnownFileType = text.plist.xml; path = Info.plist; sourceTree = "<group>"; };
		607FACD51AFB9204008FA782 /* AppDelegate.swift */ = {isa = PBXFileReference; lastKnownFileType = sourcecode.swift; path = AppDelegate.swift; sourceTree = "<group>"; };
		607FACDA1AFB9204008FA782 /* Base */ = {isa = PBXFileReference; lastKnownFileType = file.storyboard; name = Base; path = Base.lproj/Main.storyboard; sourceTree = "<group>"; };
		607FACDC1AFB9204008FA782 /* Images.xcassets */ = {isa = PBXFileReference; lastKnownFileType = folder.assetcatalog; path = Images.xcassets; sourceTree = "<group>"; };
		607FACDF1AFB9204008FA782 /* Base */ = {isa = PBXFileReference; lastKnownFileType = file.xib; name = Base; path = Base.lproj/LaunchScreen.xib; sourceTree = "<group>"; };
		607FACE51AFB9204008FA782 /* MJSwiftCore_Tests.xctest */ = {isa = PBXFileReference; explicitFileType = wrapper.cfbundle; includeInIndex = 0; path = MJSwiftCore_Tests.xctest; sourceTree = BUILT_PRODUCTS_DIR; };
		607FACEA1AFB9204008FA782 /* Info.plist */ = {isa = PBXFileReference; lastKnownFileType = text.plist.xml; path = Info.plist; sourceTree = "<group>"; };
		982946972C97C62DC4064E5F /* MJSwiftCore.podspec */ = {isa = PBXFileReference; explicitFileType = text.script.ruby; includeInIndex = 1; name = MJSwiftCore.podspec; path = ../MJSwiftCore.podspec; sourceTree = "<group>"; xcLanguageSpecificationIdentifier = xcode.lang.ruby; };
		C1F6569A33968B670F36EA70 /* Pods-MJSwiftCore_Tests.debug.xcconfig */ = {isa = PBXFileReference; includeInIndex = 1; lastKnownFileType = text.xcconfig; name = "Pods-MJSwiftCore_Tests.debug.xcconfig"; path = "Pods/Target Support Files/Pods-MJSwiftCore_Tests/Pods-MJSwiftCore_Tests.debug.xcconfig"; sourceTree = "<group>"; };
		D219D6D01FCC2E2D00D91CED /* AppAssembler.swift */ = {isa = PBXFileReference; fileEncoding = 4; lastKnownFileType = sourcecode.swift; path = AppAssembler.swift; sourceTree = "<group>"; };
		D219D6D11FCC2E2D00D91CED /* RealmAssembly.swift */ = {isa = PBXFileReference; fileEncoding = 4; lastKnownFileType = sourcecode.swift; path = RealmAssembly.swift; sourceTree = "<group>"; };
		D219D6D41FCC2E2D00D91CED /* NetworkAssembly.swift */ = {isa = PBXFileReference; fileEncoding = 4; lastKnownFileType = sourcecode.swift; path = NetworkAssembly.swift; sourceTree = "<group>"; };
		D219D6D61FCC2E2D00D91CED /* UnauthorizedStatusCodeRetrier.swift */ = {isa = PBXFileReference; fileEncoding = 4; lastKnownFileType = sourcecode.swift; path = UnauthorizedStatusCodeRetrier.swift; sourceTree = "<group>"; };
		D219D6D71FCC2E2D00D91CED /* OAuth2RetryHandler.swift */ = {isa = PBXFileReference; fileEncoding = 4; lastKnownFileType = sourcecode.swift; path = OAuth2RetryHandler.swift; sourceTree = "<group>"; };
		D219D6DA1FCC2E2D00D91CED /* ItemNetworkDataSource.swift */ = {isa = PBXFileReference; fileEncoding = 4; lastKnownFileType = sourcecode.swift; path = ItemNetworkDataSource.swift; sourceTree = "<group>"; };
		D219D6DC1FCC2E2D00D91CED /* ItemQuery.swift */ = {isa = PBXFileReference; fileEncoding = 4; lastKnownFileType = sourcecode.swift; path = ItemQuery.swift; sourceTree = "<group>"; };
		D219D6E01FCC2E2D00D91CED /* RealmItem.swift */ = {isa = PBXFileReference; fileEncoding = 4; lastKnownFileType = sourcecode.swift; path = RealmItem.swift; sourceTree = "<group>"; };
		D219D6E11FCC2E2D00D91CED /* RealmItemMapper.swift */ = {isa = PBXFileReference; fileEncoding = 4; lastKnownFileType = sourcecode.swift; path = RealmItemMapper.swift; sourceTree = "<group>"; };
		D219D6E21FCC2E2D00D91CED /* ItemQueryExtensions.swift */ = {isa = PBXFileReference; fileEncoding = 4; lastKnownFileType = sourcecode.swift; path = ItemQueryExtensions.swift; sourceTree = "<group>"; };
		D219D6E41FCC2E2D00D91CED /* ItemMapper.swift */ = {isa = PBXFileReference; fileEncoding = 4; lastKnownFileType = sourcecode.swift; path = ItemMapper.swift; sourceTree = "<group>"; };
		D219D6E61FCC2E2D00D91CED /* ItemEntity.swift */ = {isa = PBXFileReference; fileEncoding = 4; lastKnownFileType = sourcecode.swift; path = ItemEntity.swift; sourceTree = "<group>"; };
		D219D6E81FCC2E2D00D91CED /* Item.swift */ = {isa = PBXFileReference; fileEncoding = 4; lastKnownFileType = sourcecode.swift; path = Item.swift; sourceTree = "<group>"; };
		D219D6E91FCC2E2D00D91CED /* Product.swift */ = {isa = PBXFileReference; fileEncoding = 4; lastKnownFileType = sourcecode.swift; path = Product.swift; sourceTree = "<group>"; };
		D219D7011FCC2E4300D91CED /* SplashViewController.swift */ = {isa = PBXFileReference; fileEncoding = 4; lastKnownFileType = sourcecode.swift; path = SplashViewController.swift; sourceTree = "<group>"; };
		D219D7021FCC2E4300D91CED /* SplashViewController.xib */ = {isa = PBXFileReference; fileEncoding = 4; lastKnownFileType = file.xib; path = SplashViewController.xib; sourceTree = "<group>"; };
		D219D7051FCC2E4300D91CED /* ItemCell.swift */ = {isa = PBXFileReference; fileEncoding = 4; lastKnownFileType = sourcecode.swift; path = ItemCell.swift; sourceTree = "<group>"; };
		D219D7071FCC2E4300D91CED /* UIKitMVPItemListView.swift */ = {isa = PBXFileReference; fileEncoding = 4; lastKnownFileType = sourcecode.swift; path = UIKitMVPItemListView.swift; sourceTree = "<group>"; };
		D219D7081FCC2E4300D91CED /* UIKitMVPItemListViewController.swift */ = {isa = PBXFileReference; fileEncoding = 4; lastKnownFileType = sourcecode.swift; path = UIKitMVPItemListViewController.swift; sourceTree = "<group>"; };
		D219D7091FCC2E4300D91CED /* UIKitMVPItemListPresenter.swift */ = {isa = PBXFileReference; fileEncoding = 4; lastKnownFileType = sourcecode.swift; path = UIKitMVPItemListPresenter.swift; sourceTree = "<group>"; };
		D219D70C1FCC2E4300D91CED /* UIKitMVPItemDetailViewController.swift */ = {isa = PBXFileReference; fileEncoding = 4; lastKnownFileType = sourcecode.swift; path = UIKitMVPItemDetailViewController.swift; sourceTree = "<group>"; };
		D219D70D1FCC2E4300D91CED /* UIKitMVPItemDetailView.swift */ = {isa = PBXFileReference; fileEncoding = 4; lastKnownFileType = sourcecode.swift; path = UIKitMVPItemDetailView.swift; sourceTree = "<group>"; };
		D219D70E1FCC2E4300D91CED /* UIKitMVPItemDetailPresenter.swift */ = {isa = PBXFileReference; fileEncoding = 4; lastKnownFileType = sourcecode.swift; path = UIKitMVPItemDetailPresenter.swift; sourceTree = "<group>"; };
		D22A0B9E2035C91F0026068F /* MJSwiftCore_Example-Bridging-Header.h */ = {isa = PBXFileReference; lastKnownFileType = sourcecode.c.h; path = "MJSwiftCore_Example-Bridging-Header.h"; sourceTree = "<group>"; };
		D22A0BA52035CD580026068F /* TestHelper.swift */ = {isa = PBXFileReference; lastKnownFileType = sourcecode.swift; path = TestHelper.swift; sourceTree = "<group>"; };
		D22C0B1C21AEC80800F82D63 /* FirestoreDataSource.swift */ = {isa = PBXFileReference; lastKnownFileType = sourcecode.swift; path = FirestoreDataSource.swift; sourceTree = "<group>"; };
		D22C0B1E21AEE7F200F82D63 /* Firestore+Future.swift */ = {isa = PBXFileReference; lastKnownFileType = sourcecode.swift; path = "Firestore+Future.swift"; sourceTree = "<group>"; };
		D2B7A6BC2105C31C0022B46C /* ItemAssembly.swift */ = {isa = PBXFileReference; lastKnownFileType = sourcecode.swift; path = ItemAssembly.swift; sourceTree = "<group>"; };
		D2C4AD5621B134AB0024D6BD /* ObserveDataSource.swift */ = {isa = PBXFileReference; lastKnownFileType = sourcecode.swift; path = ObserveDataSource.swift; sourceTree = "<group>"; };
		D2D9FB5A203DE7E20069AE74 /* Future+InitTests.swift */ = {isa = PBXFileReference; fileEncoding = 4; lastKnownFileType = sourcecode.swift; path = "Future+InitTests.swift"; sourceTree = "<group>"; };
		D2D9FB5C203DEC8A0069AE74 /* Future+SetTests.swift */ = {isa = PBXFileReference; lastKnownFileType = sourcecode.swift; path = "Future+SetTests.swift"; sourceTree = "<group>"; };
		D2D9FB5F203DEC990069AE74 /* MJFuturePerformanceTests.swift */ = {isa = PBXFileReference; fileEncoding = 4; lastKnownFileType = sourcecode.swift; path = MJFuturePerformanceTests.swift; sourceTree = "<group>"; };
		D2D9FB60203DEC990069AE74 /* GCDPerformanceTests.swift */ = {isa = PBXFileReference; fileEncoding = 4; lastKnownFileType = sourcecode.swift; path = GCDPerformanceTests.swift; sourceTree = "<group>"; };
		D2D9FB61203DEC990069AE74 /* PromisesPerformanceTest.swift */ = {isa = PBXFileReference; fileEncoding = 4; lastKnownFileType = sourcecode.swift; path = PromisesPerformanceTest.swift; sourceTree = "<group>"; };
		D2D9FB62203DEC990069AE74 /* FuturePerformanceTests.swift */ = {isa = PBXFileReference; fileEncoding = 4; lastKnownFileType = sourcecode.swift; path = FuturePerformanceTests.swift; sourceTree = "<group>"; };
		D2D9FB67203DEE9A0069AE74 /* Future+DeallocTests.swift */ = {isa = PBXFileReference; lastKnownFileType = sourcecode.swift; path = "Future+DeallocTests.swift"; sourceTree = "<group>"; };
		D2D9FB69203DF2A30069AE74 /* Future+ThenTests.swift */ = {isa = PBXFileReference; lastKnownFileType = sourcecode.swift; path = "Future+ThenTests.swift"; sourceTree = "<group>"; };
		FE89A849674F4AB26881B493 /* Pods-MJSwiftCore_Tests.release.xcconfig */ = {isa = PBXFileReference; includeInIndex = 1; lastKnownFileType = text.xcconfig; name = "Pods-MJSwiftCore_Tests.release.xcconfig"; path = "Pods/Target Support Files/Pods-MJSwiftCore_Tests/Pods-MJSwiftCore_Tests.release.xcconfig"; sourceTree = "<group>"; };
/* End PBXFileReference section */

/* Begin PBXFrameworksBuildPhase section */
		607FACCD1AFB9204008FA782 /* Frameworks */ = {
			isa = PBXFrameworksBuildPhase;
			buildActionMask = 2147483647;
			files = (
				908E57AEC31BBAA33302AB7A /* Pods_MJSwiftCore_Example.framework in Frameworks */,
			);
			runOnlyForDeploymentPostprocessing = 0;
		};
		607FACE21AFB9204008FA782 /* Frameworks */ = {
			isa = PBXFrameworksBuildPhase;
			buildActionMask = 2147483647;
			files = (
				A8F77EB7C3F7E5E91E696B10 /* Pods_MJSwiftCore_Tests.framework in Frameworks */,
			);
			runOnlyForDeploymentPostprocessing = 0;
		};
/* End PBXFrameworksBuildPhase section */

/* Begin PBXGroup section */
		607FACC71AFB9204008FA782 = {
			isa = PBXGroup;
			children = (
				607FACF51AFB993E008FA782 /* Podspec Metadata */,
				607FACD21AFB9204008FA782 /* Example for MJSwiftCore */,
				607FACE81AFB9204008FA782 /* Tests */,
				607FACD11AFB9204008FA782 /* Products */,
				85FD6761179C6CF4C225D864 /* Pods */,
				791C6BB9343EB15E76D80444 /* Frameworks */,
			);
			sourceTree = "<group>";
		};
		607FACD11AFB9204008FA782 /* Products */ = {
			isa = PBXGroup;
			children = (
				607FACD01AFB9204008FA782 /* MJSwiftCore_Example.app */,
				607FACE51AFB9204008FA782 /* MJSwiftCore_Tests.xctest */,
			);
			name = Products;
			sourceTree = "<group>";
		};
		607FACD21AFB9204008FA782 /* Example for MJSwiftCore */ = {
			isa = PBXGroup;
			children = (
				D219D6CE1FCC2E2D00D91CED /* Core */,
				D219D6FF1FCC2E4300D91CED /* Screens */,
				607FACD51AFB9204008FA782 /* AppDelegate.swift */,
				D2C4AD5621B134AB0024D6BD /* ObserveDataSource.swift */,
				D22C0B1E21AEE7F200F82D63 /* Firestore+Future.swift */,
				D22C0B1C21AEC80800F82D63 /* FirestoreDataSource.swift */,
				607FACD91AFB9204008FA782 /* Main.storyboard */,
				607FACDC1AFB9204008FA782 /* Images.xcassets */,
				607FACDE1AFB9204008FA782 /* LaunchScreen.xib */,
				607FACD31AFB9204008FA782 /* Supporting Files */,
			);
			name = "Example for MJSwiftCore";
			path = MJSwiftCore;
			sourceTree = "<group>";
		};
		607FACD31AFB9204008FA782 /* Supporting Files */ = {
			isa = PBXGroup;
			children = (
				607FACD41AFB9204008FA782 /* Info.plist */,
			);
			name = "Supporting Files";
			sourceTree = "<group>";
		};
		607FACE81AFB9204008FA782 /* Tests */ = {
			isa = PBXGroup;
			children = (
				D22A0BA52035CD580026068F /* TestHelper.swift */,
				D2D9FB5A203DE7E20069AE74 /* Future+InitTests.swift */,
				D2D9FB5C203DEC8A0069AE74 /* Future+SetTests.swift */,
				D2D9FB69203DF2A30069AE74 /* Future+ThenTests.swift */,
				D2D9FB67203DEE9A0069AE74 /* Future+DeallocTests.swift */,
				D2D9FB5E203DEC990069AE74 /* Performance */,
				607FACE91AFB9204008FA782 /* Supporting Files */,
			);
			path = Tests;
			sourceTree = "<group>";
		};
		607FACE91AFB9204008FA782 /* Supporting Files */ = {
			isa = PBXGroup;
			children = (
				607FACEA1AFB9204008FA782 /* Info.plist */,
			);
			name = "Supporting Files";
			sourceTree = "<group>";
		};
		607FACF51AFB993E008FA782 /* Podspec Metadata */ = {
			isa = PBXGroup;
			children = (
				982946972C97C62DC4064E5F /* MJSwiftCore.podspec */,
				1867765D8101E13AA1A34DF9 /* README.md */,
				291B699DD5DD1B0C680CA3CD /* LICENSE */,
				D22A0B9E2035C91F0026068F /* MJSwiftCore_Example-Bridging-Header.h */,
			);
			name = "Podspec Metadata";
			sourceTree = "<group>";
		};
		791C6BB9343EB15E76D80444 /* Frameworks */ = {
			isa = PBXGroup;
			children = (
				17AC1F8F79E51FD186EF4072 /* Pods_MJSwiftCore_Example.framework */,
				3F03CBB74782317E8EB8707C /* Pods_MJSwiftCore_Tests.framework */,
			);
			name = Frameworks;
			sourceTree = "<group>";
		};
		85FD6761179C6CF4C225D864 /* Pods */ = {
			isa = PBXGroup;
			children = (
				4C6D9C216BA53352DDE58135 /* Pods-MJSwiftCore_Example.debug.xcconfig */,
				3A5FEDE5F0CC7A05EBDAA4AF /* Pods-MJSwiftCore_Example.release.xcconfig */,
				C1F6569A33968B670F36EA70 /* Pods-MJSwiftCore_Tests.debug.xcconfig */,
				FE89A849674F4AB26881B493 /* Pods-MJSwiftCore_Tests.release.xcconfig */,
			);
			name = Pods;
			sourceTree = "<group>";
		};
		D219D6CE1FCC2E2D00D91CED /* Core */ = {
			isa = PBXGroup;
			children = (
				D219D6CF1FCC2E2D00D91CED /* DI */,
				D219D6D51FCC2E2D00D91CED /* Managers */,
				D219D6D81FCC2E2D00D91CED /* Repository */,
				D219D6E71FCC2E2D00D91CED /* Model */,
			);
			path = Core;
			sourceTree = "<group>";
		};
		D219D6CF1FCC2E2D00D91CED /* DI */ = {
			isa = PBXGroup;
			children = (
				D219D6D01FCC2E2D00D91CED /* AppAssembler.swift */,
				D219D6D11FCC2E2D00D91CED /* RealmAssembly.swift */,
				D219D6D41FCC2E2D00D91CED /* NetworkAssembly.swift */,
				D2B7A6BC2105C31C0022B46C /* ItemAssembly.swift */,
			);
			path = DI;
			sourceTree = "<group>";
		};
		D219D6D51FCC2E2D00D91CED /* Managers */ = {
			isa = PBXGroup;
			children = (
				D219D6D61FCC2E2D00D91CED /* UnauthorizedStatusCodeRetrier.swift */,
				D219D6D71FCC2E2D00D91CED /* OAuth2RetryHandler.swift */,
			);
			path = Managers;
			sourceTree = "<group>";
		};
		D219D6D81FCC2E2D00D91CED /* Repository */ = {
			isa = PBXGroup;
			children = (
				D219D6D91FCC2E2D00D91CED /* Network */,
				D219D6DB1FCC2E2D00D91CED /* Queries */,
				D219D6DD1FCC2E2D00D91CED /* Storage */,
				D219D6E31FCC2E2D00D91CED /* Mappers */,
				D219D6E51FCC2E2D00D91CED /* Entities */,
			);
			path = Repository;
			sourceTree = "<group>";
		};
		D219D6D91FCC2E2D00D91CED /* Network */ = {
			isa = PBXGroup;
			children = (
				D219D6DA1FCC2E2D00D91CED /* ItemNetworkDataSource.swift */,
			);
			path = Network;
			sourceTree = "<group>";
		};
		D219D6DB1FCC2E2D00D91CED /* Queries */ = {
			isa = PBXGroup;
			children = (
				D219D6DC1FCC2E2D00D91CED /* ItemQuery.swift */,
			);
			path = Queries;
			sourceTree = "<group>";
		};
		D219D6DD1FCC2E2D00D91CED /* Storage */ = {
			isa = PBXGroup;
			children = (
				D219D6DE1FCC2E2D00D91CED /* Realm */,
			);
			path = Storage;
			sourceTree = "<group>";
		};
		D219D6DE1FCC2E2D00D91CED /* Realm */ = {
			isa = PBXGroup;
			children = (
				D219D6DF1FCC2E2D00D91CED /* Model */,
				D219D6E21FCC2E2D00D91CED /* ItemQueryExtensions.swift */,
			);
			path = Realm;
			sourceTree = "<group>";
		};
		D219D6DF1FCC2E2D00D91CED /* Model */ = {
			isa = PBXGroup;
			children = (
				D219D6E01FCC2E2D00D91CED /* RealmItem.swift */,
				D219D6E11FCC2E2D00D91CED /* RealmItemMapper.swift */,
			);
			path = Model;
			sourceTree = "<group>";
		};
		D219D6E31FCC2E2D00D91CED /* Mappers */ = {
			isa = PBXGroup;
			children = (
				D219D6E41FCC2E2D00D91CED /* ItemMapper.swift */,
			);
			path = Mappers;
			sourceTree = "<group>";
		};
		D219D6E51FCC2E2D00D91CED /* Entities */ = {
			isa = PBXGroup;
			children = (
				D219D6E61FCC2E2D00D91CED /* ItemEntity.swift */,
			);
			path = Entities;
			sourceTree = "<group>";
		};
		D219D6E71FCC2E2D00D91CED /* Model */ = {
			isa = PBXGroup;
			children = (
				D219D6E81FCC2E2D00D91CED /* Item.swift */,
				D219D6E91FCC2E2D00D91CED /* Product.swift */,
			);
			path = Model;
			sourceTree = "<group>";
		};
		D219D6FF1FCC2E4300D91CED /* Screens */ = {
			isa = PBXGroup;
			children = (
				D219D7001FCC2E4300D91CED /* Splash */,
				D219D7031FCC2E4300D91CED /* ItemList */,
				D219D70A1FCC2E4300D91CED /* ItemDetail */,
			);
			path = Screens;
			sourceTree = "<group>";
		};
		D219D7001FCC2E4300D91CED /* Splash */ = {
			isa = PBXGroup;
			children = (
				D219D7011FCC2E4300D91CED /* SplashViewController.swift */,
				D219D7021FCC2E4300D91CED /* SplashViewController.xib */,
			);
			path = Splash;
			sourceTree = "<group>";
		};
		D219D7031FCC2E4300D91CED /* ItemList */ = {
			isa = PBXGroup;
			children = (
				D219D7041FCC2E4300D91CED /* Views */,
				D219D7061FCC2E4300D91CED /* UIKitMVP */,
			);
			path = ItemList;
			sourceTree = "<group>";
		};
		D219D7041FCC2E4300D91CED /* Views */ = {
			isa = PBXGroup;
			children = (
				D219D7051FCC2E4300D91CED /* ItemCell.swift */,
			);
			path = Views;
			sourceTree = "<group>";
		};
		D219D7061FCC2E4300D91CED /* UIKitMVP */ = {
			isa = PBXGroup;
			children = (
				D219D7071FCC2E4300D91CED /* UIKitMVPItemListView.swift */,
				D219D7081FCC2E4300D91CED /* UIKitMVPItemListViewController.swift */,
				D219D7091FCC2E4300D91CED /* UIKitMVPItemListPresenter.swift */,
			);
			path = UIKitMVP;
			sourceTree = "<group>";
		};
		D219D70A1FCC2E4300D91CED /* ItemDetail */ = {
			isa = PBXGroup;
			children = (
				D219D70B1FCC2E4300D91CED /* UIKitMVP */,
			);
			path = ItemDetail;
			sourceTree = "<group>";
		};
		D219D70B1FCC2E4300D91CED /* UIKitMVP */ = {
			isa = PBXGroup;
			children = (
				D219D70C1FCC2E4300D91CED /* UIKitMVPItemDetailViewController.swift */,
				D219D70D1FCC2E4300D91CED /* UIKitMVPItemDetailView.swift */,
				D219D70E1FCC2E4300D91CED /* UIKitMVPItemDetailPresenter.swift */,
			);
			path = UIKitMVP;
			sourceTree = "<group>";
		};
		D2D9FB5E203DEC990069AE74 /* Performance */ = {
			isa = PBXGroup;
			children = (
				D2D9FB5F203DEC990069AE74 /* MJFuturePerformanceTests.swift */,
				D2D9FB60203DEC990069AE74 /* GCDPerformanceTests.swift */,
				D2D9FB61203DEC990069AE74 /* PromisesPerformanceTest.swift */,
				D2D9FB62203DEC990069AE74 /* FuturePerformanceTests.swift */,
			);
			path = Performance;
			sourceTree = "<group>";
		};
/* End PBXGroup section */

/* Begin PBXNativeTarget section */
		607FACCF1AFB9204008FA782 /* MJSwiftCore_Example */ = {
			isa = PBXNativeTarget;
			buildConfigurationList = 607FACEF1AFB9204008FA782 /* Build configuration list for PBXNativeTarget "MJSwiftCore_Example" */;
			buildPhases = (
				D655CECD9D2D96C417B8E013 /* [CP] Check Pods Manifest.lock */,
				607FACCC1AFB9204008FA782 /* Sources */,
				607FACCD1AFB9204008FA782 /* Frameworks */,
				607FACCE1AFB9204008FA782 /* Resources */,
				03C9AEE3DA12D5762EDCE73E /* [CP] Embed Pods Frameworks */,
				52E83EA0F40EBDEAFFB6CE1C /* [CP] Copy Pods Resources */,
			);
			buildRules = (
			);
			dependencies = (
			);
			name = MJSwiftCore_Example;
			productName = MJSwiftCore;
			productReference = 607FACD01AFB9204008FA782 /* MJSwiftCore_Example.app */;
			productType = "com.apple.product-type.application";
		};
		607FACE41AFB9204008FA782 /* MJSwiftCore_Tests */ = {
			isa = PBXNativeTarget;
			buildConfigurationList = 607FACF21AFB9204008FA782 /* Build configuration list for PBXNativeTarget "MJSwiftCore_Tests" */;
			buildPhases = (
				FFE16D9A6616A820091B460A /* [CP] Check Pods Manifest.lock */,
				607FACE11AFB9204008FA782 /* Sources */,
				607FACE21AFB9204008FA782 /* Frameworks */,
				607FACE31AFB9204008FA782 /* Resources */,
			);
			buildRules = (
			);
			dependencies = (
				607FACE71AFB9204008FA782 /* PBXTargetDependency */,
			);
			name = MJSwiftCore_Tests;
			productName = Tests;
			productReference = 607FACE51AFB9204008FA782 /* MJSwiftCore_Tests.xctest */;
			productType = "com.apple.product-type.bundle.unit-test";
		};
/* End PBXNativeTarget section */

/* Begin PBXProject section */
		607FACC81AFB9204008FA782 /* Project object */ = {
			isa = PBXProject;
			attributes = {
				LastSwiftUpdateCheck = 0830;
				LastUpgradeCheck = 1000;
				ORGANIZATIONNAME = CocoaPods;
				TargetAttributes = {
					607FACCF1AFB9204008FA782 = {
						CreatedOnToolsVersion = 6.3.1;
						DevelopmentTeam = 3VP5WS89TZ;
						LastSwiftMigration = 1000;
					};
					607FACE41AFB9204008FA782 = {
						CreatedOnToolsVersion = 6.3.1;
						DevelopmentTeam = 3VP5WS89TZ;
						LastSwiftMigration = 1000;
						TestTargetID = 607FACCF1AFB9204008FA782;
					};
				};
			};
			buildConfigurationList = 607FACCB1AFB9204008FA782 /* Build configuration list for PBXProject "MJSwiftCore" */;
			compatibilityVersion = "Xcode 3.2";
			developmentRegion = English;
			hasScannedForEncodings = 0;
			knownRegions = (
				en,
				Base,
			);
			mainGroup = 607FACC71AFB9204008FA782;
			productRefGroup = 607FACD11AFB9204008FA782 /* Products */;
			projectDirPath = "";
			projectRoot = "";
			targets = (
				607FACCF1AFB9204008FA782 /* MJSwiftCore_Example */,
				607FACE41AFB9204008FA782 /* MJSwiftCore_Tests */,
			);
		};
/* End PBXProject section */

/* Begin PBXResourcesBuildPhase section */
		607FACCE1AFB9204008FA782 /* Resources */ = {
			isa = PBXResourcesBuildPhase;
			buildActionMask = 2147483647;
			files = (
				607FACDB1AFB9204008FA782 /* Main.storyboard in Resources */,
				607FACE01AFB9204008FA782 /* LaunchScreen.xib in Resources */,
				607FACDD1AFB9204008FA782 /* Images.xcassets in Resources */,
				D219D7101FCC2E4300D91CED /* SplashViewController.xib in Resources */,
			);
			runOnlyForDeploymentPostprocessing = 0;
		};
		607FACE31AFB9204008FA782 /* Resources */ = {
			isa = PBXResourcesBuildPhase;
			buildActionMask = 2147483647;
			files = (
			);
			runOnlyForDeploymentPostprocessing = 0;
		};
/* End PBXResourcesBuildPhase section */

/* Begin PBXShellScriptBuildPhase section */
		03C9AEE3DA12D5762EDCE73E /* [CP] Embed Pods Frameworks */ = {
			isa = PBXShellScriptBuildPhase;
			buildActionMask = 2147483647;
			files = (
			);
			inputPaths = (
				"${PODS_ROOT}/Target Support Files/Pods-MJSwiftCore_Example/Pods-MJSwiftCore_Example-frameworks.sh",
				"${BUILT_PRODUCTS_DIR}/Alamofire/Alamofire.framework",
				"${BUILT_PRODUCTS_DIR}/BoringSSL/openssl.framework",
				"${BUILT_PRODUCTS_DIR}/GoogleUtilities/GoogleUtilities.framework",
				"${BUILT_PRODUCTS_DIR}/Kingfisher/Kingfisher.framework",
				"${BUILT_PRODUCTS_DIR}/MJCocoaCore/MJCocoaCore.framework",
				"${BUILT_PRODUCTS_DIR}/MJObjection/MJObjection.framework",
				"${BUILT_PRODUCTS_DIR}/MJSwiftCore/MJSwiftCore.framework",
				"${BUILT_PRODUCTS_DIR}/PromisesObjC/FBLPromises.framework",
				"${BUILT_PRODUCTS_DIR}/PromisesSwift/Promises.framework",
				"${BUILT_PRODUCTS_DIR}/Protobuf/Protobuf.framework",
				"${BUILT_PRODUCTS_DIR}/Realm/Realm.framework",
				"${BUILT_PRODUCTS_DIR}/RealmSwift/RealmSwift.framework",
				"${BUILT_PRODUCTS_DIR}/Swinject/Swinject.framework",
				"${BUILT_PRODUCTS_DIR}/gRPC-C++/grpcpp.framework",
				"${BUILT_PRODUCTS_DIR}/gRPC-Core/grpc.framework",
				"${BUILT_PRODUCTS_DIR}/leveldb-library/leveldb.framework",
				"${BUILT_PRODUCTS_DIR}/nanopb/nanopb.framework",
			);
			name = "[CP] Embed Pods Frameworks";
			outputPaths = (
				"${TARGET_BUILD_DIR}/${FRAMEWORKS_FOLDER_PATH}/Alamofire.framework",
				"${TARGET_BUILD_DIR}/${FRAMEWORKS_FOLDER_PATH}/openssl.framework",
				"${TARGET_BUILD_DIR}/${FRAMEWORKS_FOLDER_PATH}/GoogleUtilities.framework",
				"${TARGET_BUILD_DIR}/${FRAMEWORKS_FOLDER_PATH}/Kingfisher.framework",
				"${TARGET_BUILD_DIR}/${FRAMEWORKS_FOLDER_PATH}/MJCocoaCore.framework",
				"${TARGET_BUILD_DIR}/${FRAMEWORKS_FOLDER_PATH}/MJObjection.framework",
				"${TARGET_BUILD_DIR}/${FRAMEWORKS_FOLDER_PATH}/MJSwiftCore.framework",
				"${TARGET_BUILD_DIR}/${FRAMEWORKS_FOLDER_PATH}/FBLPromises.framework",
				"${TARGET_BUILD_DIR}/${FRAMEWORKS_FOLDER_PATH}/Promises.framework",
				"${TARGET_BUILD_DIR}/${FRAMEWORKS_FOLDER_PATH}/Protobuf.framework",
				"${TARGET_BUILD_DIR}/${FRAMEWORKS_FOLDER_PATH}/Realm.framework",
				"${TARGET_BUILD_DIR}/${FRAMEWORKS_FOLDER_PATH}/RealmSwift.framework",
				"${TARGET_BUILD_DIR}/${FRAMEWORKS_FOLDER_PATH}/Swinject.framework",
				"${TARGET_BUILD_DIR}/${FRAMEWORKS_FOLDER_PATH}/grpcpp.framework",
				"${TARGET_BUILD_DIR}/${FRAMEWORKS_FOLDER_PATH}/grpc.framework",
				"${TARGET_BUILD_DIR}/${FRAMEWORKS_FOLDER_PATH}/leveldb.framework",
				"${TARGET_BUILD_DIR}/${FRAMEWORKS_FOLDER_PATH}/nanopb.framework",
			);
			runOnlyForDeploymentPostprocessing = 0;
			shellPath = /bin/sh;
			shellScript = "\"${PODS_ROOT}/Target Support Files/Pods-MJSwiftCore_Example/Pods-MJSwiftCore_Example-frameworks.sh\"\n";
			showEnvVarsInLog = 0;
		};
		52E83EA0F40EBDEAFFB6CE1C /* [CP] Copy Pods Resources */ = {
			isa = PBXShellScriptBuildPhase;
			buildActionMask = 2147483647;
			files = (
			);
			inputFileListPaths = (
			);
			inputPaths = (
				"${PODS_ROOT}/Target Support Files/Pods-MJSwiftCore_Example/Pods-MJSwiftCore_Example-resources.sh",
				"${PODS_CONFIGURATION_BUILD_DIR}/FirebaseFirestore/gRPCCertificates.bundle",
			);
			name = "[CP] Copy Pods Resources";
			outputFileListPaths = (
			);
			outputPaths = (
				"${TARGET_BUILD_DIR}/${UNLOCALIZED_RESOURCES_FOLDER_PATH}/gRPCCertificates.bundle",
			);
			runOnlyForDeploymentPostprocessing = 0;
			shellPath = /bin/sh;
			shellScript = "\"${PODS_ROOT}/Target Support Files/Pods-MJSwiftCore_Example/Pods-MJSwiftCore_Example-resources.sh\"\n";
			showEnvVarsInLog = 0;
		};
		D655CECD9D2D96C417B8E013 /* [CP] Check Pods Manifest.lock */ = {
			isa = PBXShellScriptBuildPhase;
			buildActionMask = 2147483647;
			files = (
			);
			inputPaths = (
				"${PODS_PODFILE_DIR_PATH}/Podfile.lock",
				"${PODS_ROOT}/Manifest.lock",
			);
			name = "[CP] Check Pods Manifest.lock";
			outputPaths = (
				"$(DERIVED_FILE_DIR)/Pods-MJSwiftCore_Example-checkManifestLockResult.txt",
			);
			runOnlyForDeploymentPostprocessing = 0;
			shellPath = /bin/sh;
			shellScript = "diff \"${PODS_PODFILE_DIR_PATH}/Podfile.lock\" \"${PODS_ROOT}/Manifest.lock\" > /dev/null\nif [ $? != 0 ] ; then\n    # print error to STDERR\n    echo \"error: The sandbox is not in sync with the Podfile.lock. Run 'pod install' or update your CocoaPods installation.\" >&2\n    exit 1\nfi\n# This output is used by Xcode 'outputs' to avoid re-running this script phase.\necho \"SUCCESS\" > \"${SCRIPT_OUTPUT_FILE_0}\"\n";
			showEnvVarsInLog = 0;
		};
		FFE16D9A6616A820091B460A /* [CP] Check Pods Manifest.lock */ = {
			isa = PBXShellScriptBuildPhase;
			buildActionMask = 2147483647;
			files = (
			);
			inputPaths = (
				"${PODS_PODFILE_DIR_PATH}/Podfile.lock",
				"${PODS_ROOT}/Manifest.lock",
			);
			name = "[CP] Check Pods Manifest.lock";
			outputPaths = (
				"$(DERIVED_FILE_DIR)/Pods-MJSwiftCore_Tests-checkManifestLockResult.txt",
			);
			runOnlyForDeploymentPostprocessing = 0;
			shellPath = /bin/sh;
			shellScript = "diff \"${PODS_PODFILE_DIR_PATH}/Podfile.lock\" \"${PODS_ROOT}/Manifest.lock\" > /dev/null\nif [ $? != 0 ] ; then\n    # print error to STDERR\n    echo \"error: The sandbox is not in sync with the Podfile.lock. Run 'pod install' or update your CocoaPods installation.\" >&2\n    exit 1\nfi\n# This output is used by Xcode 'outputs' to avoid re-running this script phase.\necho \"SUCCESS\" > \"${SCRIPT_OUTPUT_FILE_0}\"\n";
			showEnvVarsInLog = 0;
		};
/* End PBXShellScriptBuildPhase section */

/* Begin PBXSourcesBuildPhase section */
		607FACCC1AFB9204008FA782 /* Sources */ = {
			isa = PBXSourcesBuildPhase;
			buildActionMask = 2147483647;
			files = (
				D219D6F71FCC2E2D00D91CED /* RealmItemMapper.swift in Sources */,
				D2B7A6BD2105C31C0022B46C /* ItemAssembly.swift in Sources */,
				D219D6FB1FCC2E2D00D91CED /* Item.swift in Sources */,
				D219D6F11FCC2E2D00D91CED /* NetworkAssembly.swift in Sources */,
				D219D7171FCC2E4300D91CED /* UIKitMVPItemDetailPresenter.swift in Sources */,
				D22C0B1F21AEE7F200F82D63 /* Firestore+Future.swift in Sources */,
				D219D6EE1FCC2E2D00D91CED /* RealmAssembly.swift in Sources */,
				D219D6F91FCC2E2D00D91CED /* ItemMapper.swift in Sources */,
				D219D6F21FCC2E2D00D91CED /* UnauthorizedStatusCodeRetrier.swift in Sources */,
				D219D6FA1FCC2E2D00D91CED /* ItemEntity.swift in Sources */,
				607FACD61AFB9204008FA782 /* AppDelegate.swift in Sources */,
				D219D7131FCC2E4300D91CED /* UIKitMVPItemListViewController.swift in Sources */,
				D219D6FC1FCC2E2D00D91CED /* Product.swift in Sources */,
				D219D70F1FCC2E4300D91CED /* SplashViewController.swift in Sources */,
				D219D7111FCC2E4300D91CED /* ItemCell.swift in Sources */,
				D219D6F51FCC2E2D00D91CED /* ItemQuery.swift in Sources */,
				D219D7151FCC2E4300D91CED /* UIKitMVPItemDetailViewController.swift in Sources */,
				D219D7141FCC2E4300D91CED /* UIKitMVPItemListPresenter.swift in Sources */,
				D219D6F31FCC2E2D00D91CED /* OAuth2RetryHandler.swift in Sources */,
				D2C4AD5721B134AB0024D6BD /* ObserveDataSource.swift in Sources */,
				D22C0B1D21AEC80800F82D63 /* FirestoreDataSource.swift in Sources */,
				D219D6ED1FCC2E2D00D91CED /* AppAssembler.swift in Sources */,
				D219D6F61FCC2E2D00D91CED /* RealmItem.swift in Sources */,
				D219D7161FCC2E4300D91CED /* UIKitMVPItemDetailView.swift in Sources */,
				D219D6F41FCC2E2D00D91CED /* ItemNetworkDataSource.swift in Sources */,
				D219D7121FCC2E4300D91CED /* UIKitMVPItemListView.swift in Sources */,
				D219D6F81FCC2E2D00D91CED /* ItemQueryExtensions.swift in Sources */,
			);
			runOnlyForDeploymentPostprocessing = 0;
		};
		607FACE11AFB9204008FA782 /* Sources */ = {
			isa = PBXSourcesBuildPhase;
			buildActionMask = 2147483647;
			files = (
				D2D9FB63203DEC990069AE74 /* MJFuturePerformanceTests.swift in Sources */,
				D2D9FB6A203DF2A30069AE74 /* Future+ThenTests.swift in Sources */,
				D2D9FB68203DEE9A0069AE74 /* Future+DeallocTests.swift in Sources */,
				D2D9FB66203DEC990069AE74 /* FuturePerformanceTests.swift in Sources */,
				D2D9FB64203DEC990069AE74 /* GCDPerformanceTests.swift in Sources */,
				D22A0BA62035CD580026068F /* TestHelper.swift in Sources */,
				D2D9FB65203DEC990069AE74 /* PromisesPerformanceTest.swift in Sources */,
				D2D9FB5B203DE7E20069AE74 /* Future+InitTests.swift in Sources */,
				D2D9FB5D203DEC8A0069AE74 /* Future+SetTests.swift in Sources */,
			);
			runOnlyForDeploymentPostprocessing = 0;
		};
/* End PBXSourcesBuildPhase section */

/* Begin PBXTargetDependency section */
		607FACE71AFB9204008FA782 /* PBXTargetDependency */ = {
			isa = PBXTargetDependency;
			target = 607FACCF1AFB9204008FA782 /* MJSwiftCore_Example */;
			targetProxy = 607FACE61AFB9204008FA782 /* PBXContainerItemProxy */;
		};
/* End PBXTargetDependency section */

/* Begin PBXVariantGroup section */
		607FACD91AFB9204008FA782 /* Main.storyboard */ = {
			isa = PBXVariantGroup;
			children = (
				607FACDA1AFB9204008FA782 /* Base */,
			);
			name = Main.storyboard;
			sourceTree = "<group>";
		};
		607FACDE1AFB9204008FA782 /* LaunchScreen.xib */ = {
			isa = PBXVariantGroup;
			children = (
				607FACDF1AFB9204008FA782 /* Base */,
			);
			name = LaunchScreen.xib;
			sourceTree = "<group>";
		};
/* End PBXVariantGroup section */

/* Begin XCBuildConfiguration section */
		607FACED1AFB9204008FA782 /* Debug */ = {
			isa = XCBuildConfiguration;
			buildSettings = {
				ALWAYS_SEARCH_USER_PATHS = NO;
				CLANG_CXX_LANGUAGE_STANDARD = "gnu++0x";
				CLANG_CXX_LIBRARY = "libc++";
				CLANG_ENABLE_MODULES = YES;
				CLANG_ENABLE_OBJC_ARC = YES;
				CLANG_WARN_BLOCK_CAPTURE_AUTORELEASING = YES;
				CLANG_WARN_BOOL_CONVERSION = YES;
				CLANG_WARN_COMMA = YES;
				CLANG_WARN_CONSTANT_CONVERSION = YES;
				CLANG_WARN_DEPRECATED_OBJC_IMPLEMENTATIONS = YES;
				CLANG_WARN_DIRECT_OBJC_ISA_USAGE = YES_ERROR;
				CLANG_WARN_EMPTY_BODY = YES;
				CLANG_WARN_ENUM_CONVERSION = YES;
				CLANG_WARN_INFINITE_RECURSION = YES;
				CLANG_WARN_INT_CONVERSION = YES;
				CLANG_WARN_NON_LITERAL_NULL_CONVERSION = YES;
				CLANG_WARN_OBJC_IMPLICIT_RETAIN_SELF = YES;
				CLANG_WARN_OBJC_LITERAL_CONVERSION = YES;
				CLANG_WARN_OBJC_ROOT_CLASS = YES_ERROR;
				CLANG_WARN_RANGE_LOOP_ANALYSIS = YES;
				CLANG_WARN_STRICT_PROTOTYPES = YES;
				CLANG_WARN_SUSPICIOUS_MOVE = YES;
				CLANG_WARN_UNREACHABLE_CODE = YES;
				CLANG_WARN__DUPLICATE_METHOD_MATCH = YES;
				"CODE_SIGN_IDENTITY[sdk=iphoneos*]" = "iPhone Developer";
				COPY_PHASE_STRIP = NO;
				DEBUG_INFORMATION_FORMAT = "dwarf-with-dsym";
				ENABLE_STRICT_OBJC_MSGSEND = YES;
				ENABLE_TESTABILITY = YES;
				GCC_C_LANGUAGE_STANDARD = gnu99;
				GCC_DYNAMIC_NO_PIC = NO;
				GCC_NO_COMMON_BLOCKS = YES;
				GCC_OPTIMIZATION_LEVEL = 0;
				GCC_PREPROCESSOR_DEFINITIONS = (
					"DEBUG=1",
					"$(inherited)",
				);
				GCC_SYMBOLS_PRIVATE_EXTERN = NO;
				GCC_WARN_64_TO_32_BIT_CONVERSION = YES;
				GCC_WARN_ABOUT_RETURN_TYPE = YES_ERROR;
				GCC_WARN_UNDECLARED_SELECTOR = YES;
				GCC_WARN_UNINITIALIZED_AUTOS = YES_AGGRESSIVE;
				GCC_WARN_UNUSED_FUNCTION = YES;
				GCC_WARN_UNUSED_VARIABLE = YES;
				IPHONEOS_DEPLOYMENT_TARGET = 9.3;
				MTL_ENABLE_DEBUG_INFO = YES;
				ONLY_ACTIVE_ARCH = YES;
				SDKROOT = iphoneos;
				SWIFT_OPTIMIZATION_LEVEL = "-Onone";
			};
			name = Debug;
		};
		607FACEE1AFB9204008FA782 /* Release */ = {
			isa = XCBuildConfiguration;
			buildSettings = {
				ALWAYS_SEARCH_USER_PATHS = NO;
				CLANG_CXX_LANGUAGE_STANDARD = "gnu++0x";
				CLANG_CXX_LIBRARY = "libc++";
				CLANG_ENABLE_MODULES = YES;
				CLANG_ENABLE_OBJC_ARC = YES;
				CLANG_WARN_BLOCK_CAPTURE_AUTORELEASING = YES;
				CLANG_WARN_BOOL_CONVERSION = YES;
				CLANG_WARN_COMMA = YES;
				CLANG_WARN_CONSTANT_CONVERSION = YES;
				CLANG_WARN_DEPRECATED_OBJC_IMPLEMENTATIONS = YES;
				CLANG_WARN_DIRECT_OBJC_ISA_USAGE = YES_ERROR;
				CLANG_WARN_EMPTY_BODY = YES;
				CLANG_WARN_ENUM_CONVERSION = YES;
				CLANG_WARN_INFINITE_RECURSION = YES;
				CLANG_WARN_INT_CONVERSION = YES;
				CLANG_WARN_NON_LITERAL_NULL_CONVERSION = YES;
				CLANG_WARN_OBJC_IMPLICIT_RETAIN_SELF = YES;
				CLANG_WARN_OBJC_LITERAL_CONVERSION = YES;
				CLANG_WARN_OBJC_ROOT_CLASS = YES_ERROR;
				CLANG_WARN_RANGE_LOOP_ANALYSIS = YES;
				CLANG_WARN_STRICT_PROTOTYPES = YES;
				CLANG_WARN_SUSPICIOUS_MOVE = YES;
				CLANG_WARN_UNREACHABLE_CODE = YES;
				CLANG_WARN__DUPLICATE_METHOD_MATCH = YES;
				"CODE_SIGN_IDENTITY[sdk=iphoneos*]" = "iPhone Developer";
				COPY_PHASE_STRIP = NO;
				DEBUG_INFORMATION_FORMAT = "dwarf-with-dsym";
				ENABLE_NS_ASSERTIONS = NO;
				ENABLE_STRICT_OBJC_MSGSEND = YES;
				GCC_C_LANGUAGE_STANDARD = gnu99;
				GCC_NO_COMMON_BLOCKS = YES;
				GCC_WARN_64_TO_32_BIT_CONVERSION = YES;
				GCC_WARN_ABOUT_RETURN_TYPE = YES_ERROR;
				GCC_WARN_UNDECLARED_SELECTOR = YES;
				GCC_WARN_UNINITIALIZED_AUTOS = YES_AGGRESSIVE;
				GCC_WARN_UNUSED_FUNCTION = YES;
				GCC_WARN_UNUSED_VARIABLE = YES;
				IPHONEOS_DEPLOYMENT_TARGET = 9.3;
				MTL_ENABLE_DEBUG_INFO = NO;
				SDKROOT = iphoneos;
				SWIFT_OPTIMIZATION_LEVEL = "-Owholemodule";
				VALIDATE_PRODUCT = YES;
			};
			name = Release;
		};
		607FACF01AFB9204008FA782 /* Debug */ = {
			isa = XCBuildConfiguration;
			baseConfigurationReference = 4C6D9C216BA53352DDE58135 /* Pods-MJSwiftCore_Example.debug.xcconfig */;
			buildSettings = {
				ASSETCATALOG_COMPILER_APPICON_NAME = AppIcon;
				CLANG_ENABLE_MODULES = YES;
				DEVELOPMENT_TEAM = 3VP5WS89TZ;
				INFOPLIST_FILE = MJSwiftCore/Info.plist;
				IPHONEOS_DEPLOYMENT_TARGET = 9.0;
				LD_RUNPATH_SEARCH_PATHS = "$(inherited) @executable_path/Frameworks";
				MODULE_NAME = ExampleApp;
				PRODUCT_BUNDLE_IDENTIFIER = "org.cocoapods.demo.$(PRODUCT_NAME:rfc1034identifier)";
				PRODUCT_NAME = "$(TARGET_NAME)";
				SWIFT_OBJC_BRIDGING_HEADER = "$(inherited)";
				SWIFT_OPTIMIZATION_LEVEL = "-Onone";
				SWIFT_VERSION = 4.2;
			};
			name = Debug;
		};
		607FACF11AFB9204008FA782 /* Release */ = {
			isa = XCBuildConfiguration;
			baseConfigurationReference = 3A5FEDE5F0CC7A05EBDAA4AF /* Pods-MJSwiftCore_Example.release.xcconfig */;
			buildSettings = {
				ASSETCATALOG_COMPILER_APPICON_NAME = AppIcon;
				CLANG_ENABLE_MODULES = YES;
				DEVELOPMENT_TEAM = 3VP5WS89TZ;
				INFOPLIST_FILE = MJSwiftCore/Info.plist;
				IPHONEOS_DEPLOYMENT_TARGET = 9.0;
				LD_RUNPATH_SEARCH_PATHS = "$(inherited) @executable_path/Frameworks";
				MODULE_NAME = ExampleApp;
				PRODUCT_BUNDLE_IDENTIFIER = "org.cocoapods.demo.$(PRODUCT_NAME:rfc1034identifier)";
				PRODUCT_NAME = "$(TARGET_NAME)";
				SWIFT_OBJC_BRIDGING_HEADER = "$(inherited)";
				SWIFT_VERSION = 4.2;
			};
			name = Release;
		};
		607FACF31AFB9204008FA782 /* Debug */ = {
			isa = XCBuildConfiguration;
			baseConfigurationReference = C1F6569A33968B670F36EA70 /* Pods-MJSwiftCore_Tests.debug.xcconfig */;
			buildSettings = {
				DEVELOPMENT_TEAM = 3VP5WS89TZ;
				FRAMEWORK_SEARCH_PATHS = (
					"$(SDKROOT)/Developer/Library/Frameworks",
					"$(inherited)",
				);
				GCC_PREPROCESSOR_DEFINITIONS = (
					"DEBUG=1",
					"$(inherited)",
				);
				INFOPLIST_FILE = Tests/Info.plist;
				IPHONEOS_DEPLOYMENT_TARGET = 9.0;
				LD_RUNPATH_SEARCH_PATHS = "$(inherited) @executable_path/Frameworks @loader_path/Frameworks";
				PRODUCT_BUNDLE_IDENTIFIER = "org.cocoapods.$(PRODUCT_NAME:rfc1034identifier)";
				PRODUCT_NAME = "$(TARGET_NAME)";
				SWIFT_OBJC_BRIDGING_HEADER = "MJSwiftCore_Example-Bridging-Header.h";
				SWIFT_VERSION = 4.2;
				TEST_HOST = "$(BUILT_PRODUCTS_DIR)/MJSwiftCore_Example.app/MJSwiftCore_Example";
			};
			name = Debug;
		};
		607FACF41AFB9204008FA782 /* Release */ = {
			isa = XCBuildConfiguration;
			baseConfigurationReference = FE89A849674F4AB26881B493 /* Pods-MJSwiftCore_Tests.release.xcconfig */;
			buildSettings = {
				DEVELOPMENT_TEAM = 3VP5WS89TZ;
				FRAMEWORK_SEARCH_PATHS = (
					"$(SDKROOT)/Developer/Library/Frameworks",
					"$(inherited)",
				);
				INFOPLIST_FILE = Tests/Info.plist;
				IPHONEOS_DEPLOYMENT_TARGET = 9.0;
				LD_RUNPATH_SEARCH_PATHS = "$(inherited) @executable_path/Frameworks @loader_path/Frameworks";
				PRODUCT_BUNDLE_IDENTIFIER = "org.cocoapods.$(PRODUCT_NAME:rfc1034identifier)";
				PRODUCT_NAME = "$(TARGET_NAME)";
				SWIFT_OBJC_BRIDGING_HEADER = "MJSwiftCore_Example-Bridging-Header.h";
				SWIFT_VERSION = 4.2;
				TEST_HOST = "$(BUILT_PRODUCTS_DIR)/MJSwiftCore_Example.app/MJSwiftCore_Example";
			};
			name = Release;
		};
/* End XCBuildConfiguration section */

/* Begin XCConfigurationList section */
		607FACCB1AFB9204008FA782 /* Build configuration list for PBXProject "MJSwiftCore" */ = {
			isa = XCConfigurationList;
			buildConfigurations = (
				607FACED1AFB9204008FA782 /* Debug */,
				607FACEE1AFB9204008FA782 /* Release */,
			);
			defaultConfigurationIsVisible = 0;
			defaultConfigurationName = Release;
		};
		607FACEF1AFB9204008FA782 /* Build configuration list for PBXNativeTarget "MJSwiftCore_Example" */ = {
			isa = XCConfigurationList;
			buildConfigurations = (
				607FACF01AFB9204008FA782 /* Debug */,
				607FACF11AFB9204008FA782 /* Release */,
			);
			defaultConfigurationIsVisible = 0;
			defaultConfigurationName = Release;
		};
		607FACF21AFB9204008FA782 /* Build configuration list for PBXNativeTarget "MJSwiftCore_Tests" */ = {
			isa = XCConfigurationList;
			buildConfigurations = (
				607FACF31AFB9204008FA782 /* Debug */,
				607FACF41AFB9204008FA782 /* Release */,
			);
			defaultConfigurationIsVisible = 0;
			defaultConfigurationName = Release;
		};
/* End XCConfigurationList section */
	};
	rootObject = 607FACC81AFB9204008FA782 /* Project object */;
}
